{
  "requires": true,
  "lockfileVersion": 1,
  "dependencies": {
    "giuuid": {
      "version": "1.0.1",
      "resolved": "https://registry.npmjs.org/giuuid/-/giuuid-1.0.1.tgz",
      "integrity": "sha512-cfOLCkg+z1GbDFZsqb1c3PcROQpm65uarXh6GE/pm0mmn2JBN+jVVj1qBFFAXDPYn3VWH/N+oZEIq2StyhQl9g=="
    }
  }
}
